github.com/matryer/is v1.4.1 h1:55ehd8zaGABKLXQUe2awZ99BD/PTc2ls+KV/dXphgEQ=
github.com/matryer/is v1.4.1/go.mod h1:8I/i5uYgLzgsgEloJE1U6xx5HkBQpAZvepWuujKwMRU=
github.com/montanaflynn/stats v0.7.1 h1:etflOAAHORrCC44V+aR6Ftzort912ZU+YLiSTuV8eaE=
github.com/montanaflynn/stats v0.7.1/go.mod h1:etXPPgVO6n31NxCd9KQUMvCM+ve0ruNzt6R8Bnaayow=
golang.org/x/exp v0.0.0-20240416160154-fe59bbe5cc7f h1:99ci1mjWVBWwJiEKYY6jWa4d2nTQVIEhZIptnrVb1XY=
golang.org/x/exp v0.0.0-20240416160154-fe59bbe5cc7f/go.mod h1:/lliqkxwWAhPjf5oSOIJup2XcqJaw8RGS6k3TGEc7GI=
gonum.org/v1/gonum v0.15.1 h1:FNy7N6OUZVUaWG9pTiD+jlhdQ3lMP+/LcTpJ6+a8sQ0=
gonum.org/v1/gonum v0.15.1/go.mod h1:eZTZuRFrzu5pcyjN5wJhcIhnUdNijYxX1T2IcrOGY0o=
